
Microsoft Visual Studio Solution File, Format Version 12.00
# Visual Studio Version 17
VisualStudioVersion = 17.14.37411.7 d17.14
MinimumVisualStudioVersion = 10.0.40219.1
Project("{FAE04EC0-301F-11D3-BF4B-00C04F79EFBC}") = "K8UIApp", "K8UIApp.csproj", "{6A83CB40-FB90-4B6F-9849-A34E2B89E043}"
EndProject
Global
	GlobalSection(SolutionConfigurationPlatforms) = preSolution
		Debug|Any CPU = Debug|Any CPU
		Release|Any CPU = Release|Any CPU
	EndGlobalSection
	GlobalSection(ProjectConfigurationPlatforms) = postSolution
		{6A83CB40-FB90-4B6F-9849-A34E2B89E043}.Debug|Any CPU.ActiveCfg = Debug|Any CPU
		{6A83CB40-FB90-4B6F-9849-A34E2B89E043}.Debug|Any CPU.Build.0 = Debug|Any CPU
		{6A83CB40-FB90-4B6F-9849-A34E2B89E043}.Release|Any CPU.ActiveCfg = Release|Any CPU
		{6A83CB40-FB90-4B6F-9849-A34E2B89E043}.Release|Any CPU.Build.0 = Release|Any CPU
	EndGlobalSection
	GlobalSection(SolutionProperties) = preSolution
		HideSolutionNode = FALSE
	EndGlobalSection
	GlobalSection(ExtensibilityGlobals) = postSolution
		SolutionGuid = {98B44A9A-6154-427B-9A56-9351C2E3363C}
	EndGlobalSection
EndGlobal
